
Microsoft Visual Studio Solution File, Format Version 12.00
# Visual Studio Version 16
VisualStudioVersion = 16.0.31624.102
MinimumVisualStudioVersion = 10.0.40219.1
Project("{FAE04EC0-301F-11D3-BF4B-00C04F79EFBC}") = "TestWire", "TestWire\TestWire.csproj", "{47B689E1-202D-4F13-95CE-C19429927552}"
EndProject
Project("{FAE04EC0-301F-11D3-BF4B-00C04F79EFBC}") = "howto_segment_intersection", "..\..\C#_Helper_Rod_Stephens\howto_segment_intersection\howto_segment_intersection.csproj", "{803877AE-88E5-4EFC-8B78-A3A6F7290040}"
EndProject
Global
	GlobalSection(SolutionConfigurationPlatforms) = preSolution
		Debug|Any CPU = Debug|Any CPU
		Release|Any CPU = Release|Any CPU
	EndGlobalSection
	GlobalSection(ProjectConfigurationPlatforms) = postSolution
		{47B689E1-202D-4F13-95CE-C19429927552}.Debug|Any CPU.ActiveCfg = Debug|Any CPU
		{47B689E1-202D-4F13-95CE-C19429927552}.Debug|Any CPU.Build.0 = Debug|Any CPU
		{47B689E1-202D-4F13-95CE-C19429927552}.Release|Any CPU.ActiveCfg = Release|Any CPU
		{47B689E1-202D-4F13-95CE-C19429927552}.Release|Any CPU.Build.0 = Release|Any CPU
		{803877AE-88E5-4EFC-8B78-A3A6F7290040}.Debug|Any CPU.ActiveCfg = Debug|Any CPU
		{803877AE-88E5-4EFC-8B78-A3A6F7290040}.Debug|Any CPU.Build.0 = Debug|Any CPU
		{803877AE-88E5-4EFC-8B78-A3A6F7290040}.Release|Any CPU.ActiveCfg = Release|Any CPU
		{803877AE-88E5-4EFC-8B78-A3A6F7290040}.Release|Any CPU.Build.0 = Release|Any CPU
	EndGlobalSection
	GlobalSection(SolutionProperties) = preSolution
		HideSolutionNode = FALSE
	EndGlobalSection
	GlobalSection(ExtensibilityGlobals) = postSolution
		SolutionGuid = {C2281493-847C-45F5-9E43-FFDEAB2DF6A4}
	EndGlobalSection
EndGlobal
