
Microsoft Visual Studio Solution File, Format Version 12.00
# Visual Studio Version 16
VisualStudioVersion = 16.0.31624.102
MinimumVisualStudioVersion = 10.0.40219.1
Project("{FAE04EC0-301F-11D3-BF4B-00C04F79EFBC}") = "TestDiagram", "TestDiagram\TestDiagram.csproj", "{91F18290-FE9B-4C53-82A5-2D050EB714B5}"
EndProject
Project("{FAE04EC0-301F-11D3-BF4B-00C04F79EFBC}") = "DigitalSim", "DigitalSim\DigitalSim.csproj", "{29C95324-F76E-4008-9010-D37424974D7C}"
EndProject
Global
	GlobalSection(SolutionConfigurationPlatforms) = preSolution
		Debug|Any CPU = Debug|Any CPU
		Release|Any CPU = Release|Any CPU
	EndGlobalSection
	GlobalSection(ProjectConfigurationPlatforms) = postSolution
		{91F18290-FE9B-4C53-82A5-2D050EB714B5}.Debug|Any CPU.ActiveCfg = Debug|Any CPU
		{91F18290-FE9B-4C53-82A5-2D050EB714B5}.Debug|Any CPU.Build.0 = Debug|Any CPU
		{91F18290-FE9B-4C53-82A5-2D050EB714B5}.Release|Any CPU.ActiveCfg = Release|Any CPU
		{91F18290-FE9B-4C53-82A5-2D050EB714B5}.Release|Any CPU.Build.0 = Release|Any CPU
		{29C95324-F76E-4008-9010-D37424974D7C}.Debug|Any CPU.ActiveCfg = Debug|Any CPU
		{29C95324-F76E-4008-9010-D37424974D7C}.Debug|Any CPU.Build.0 = Debug|Any CPU
		{29C95324-F76E-4008-9010-D37424974D7C}.Release|Any CPU.ActiveCfg = Release|Any CPU
		{29C95324-F76E-4008-9010-D37424974D7C}.Release|Any CPU.Build.0 = Release|Any CPU
	EndGlobalSection
	GlobalSection(SolutionProperties) = preSolution
		HideSolutionNode = FALSE
	EndGlobalSection
	GlobalSection(ExtensibilityGlobals) = postSolution
		SolutionGuid = {3E4A2940-E8C3-4626-8855-D97468F77CC4}
	EndGlobalSection
EndGlobal
